
Microsoft Visual Studio Solution File, Format Version 12.00
# Visual Studio 15
VisualStudioVersion = 15.0.25428.1
MinimumVisualStudioVersion = 10.0.40219.1
Project("{FAE04EC0-301F-11D3-BF4B-00C04F79EFBC}") = "DroidManager.Windows", "DroidManager.Windows\DroidManager.Windows.csproj", "{0F56EDA9-CF7F-4C49-A67B-3FCD434D4902}"
EndProject
Project("{2150E333-8FDC-42A3-9474-1A3956D46DE8}") = "ADBClient", "ADBClient", "{E888CC88-DDCA-4507-9230-FE1868714524}"
EndProject
Project("{FAE04EC0-301F-11D3-BF4B-00C04F79EFBC}") = "NanoMvvm.Wpf", "NanoMvvm\NanoMvvm.Wpf.csproj", "{CDA9AC48-1741-4C5C-8546-3C0C4051C7E6}"
EndProject
Project("{FAE04EC0-301F-11D3-BF4B-00C04F79EFBC}") = "DroidManager.Core", "DroidManager.Core\DroidManager.Core.csproj", "{1A3E6E0C-17C2-45BE-87B3-8B4660D83ED0}"
EndProject
Project("{2150E333-8FDC-42A3-9474-1A3956D46DE8}") = "Libraries", "Libraries", "{C810FA34-79B1-419D-A11A-B8F7C5FB5DC9}"
EndProject
Project("{FAE04EC0-301F-11D3-BF4B-00C04F79EFBC}") = "SharpAdbClient", "..\Dependencies\SharpAdb\SharpAdbClient\SharpAdbClient.csproj", "{65473257-E70F-410B-9269-D0C0F771EA87}"
EndProject
Project("{FAE04EC0-301F-11D3-BF4B-00C04F79EFBC}") = "SharpAdbClient.Extensions", "..\Dependencies\SharpAdb\SharpAdbClient.Extensions\SharpAdbClient.Extensions.csproj", "{58030054-1E04-433E-BEB4-4D8143C64C09}"
EndProject
Project("{FAE04EC0-301F-11D3-BF4B-00C04F79EFBC}") = "MaterialMenu", "..\Dependencies\MaterialMenu\MaterialMenu.csproj", "{DC810FBA-1DC9-429F-A247-35075EA49648}"
EndProject
Global
	GlobalSection(SolutionConfigurationPlatforms) = preSolution
		Debug|Any CPU = Debug|Any CPU
		Debug35|Any CPU = Debug35|Any CPU
		R46|Any CPU = R46|Any CPU
		Release|Any CPU = Release|Any CPU
		Release35|Any CPU = Release35|Any CPU
		Release40|Any CPU = Release40|Any CPU
		Release45|Any CPU = Release45|Any CPU
		Release451|Any CPU = Release451|Any CPU
		Release452|Any CPU = Release452|Any CPU
	EndGlobalSection
	GlobalSection(ProjectConfigurationPlatforms) = postSolution
		{0F56EDA9-CF7F-4C49-A67B-3FCD434D4902}.Debug|Any CPU.ActiveCfg = Debug|Any CPU
		{0F56EDA9-CF7F-4C49-A67B-3FCD434D4902}.Debug|Any CPU.Build.0 = Debug|Any CPU
		{0F56EDA9-CF7F-4C49-A67B-3FCD434D4902}.Debug35|Any CPU.ActiveCfg = Debug|Any CPU
		{0F56EDA9-CF7F-4C49-A67B-3FCD434D4902}.Debug35|Any CPU.Build.0 = Debug|Any CPU
		{0F56EDA9-CF7F-4C49-A67B-3FCD434D4902}.R46|Any CPU.ActiveCfg = Release|Any CPU
		{0F56EDA9-CF7F-4C49-A67B-3FCD434D4902}.R46|Any CPU.Build.0 = Release|Any CPU
		{0F56EDA9-CF7F-4C49-A67B-3FCD434D4902}.Release|Any CPU.ActiveCfg = Release|Any CPU
		{0F56EDA9-CF7F-4C49-A67B-3FCD434D4902}.Release|Any CPU.Build.0 = Release|Any CPU
		{0F56EDA9-CF7F-4C49-A67B-3FCD434D4902}.Release35|Any CPU.ActiveCfg = Release|Any CPU
		{0F56EDA9-CF7F-4C49-A67B-3FCD434D4902}.Release35|Any CPU.Build.0 = Release|Any CPU
		{0F56EDA9-CF7F-4C49-A67B-3FCD434D4902}.Release40|Any CPU.ActiveCfg = Release|Any CPU
		{0F56EDA9-CF7F-4C49-A67B-3FCD434D4902}.Release40|Any CPU.Build.0 = Release|Any CPU
		{0F56EDA9-CF7F-4C49-A67B-3FCD434D4902}.Release45|Any CPU.ActiveCfg = Release|Any CPU
		{0F56EDA9-CF7F-4C49-A67B-3FCD434D4902}.Release45|Any CPU.Build.0 = Release|Any CPU
		{0F56EDA9-CF7F-4C49-A67B-3FCD434D4902}.Release451|Any CPU.ActiveCfg = Release|Any CPU
		{0F56EDA9-CF7F-4C49-A67B-3FCD434D4902}.Release451|Any CPU.Build.0 = Release|Any CPU
		{0F56EDA9-CF7F-4C49-A67B-3FCD434D4902}.Release452|Any CPU.ActiveCfg = Release|Any CPU
		{0F56EDA9-CF7F-4C49-A67B-3FCD434D4902}.Release452|Any CPU.Build.0 = Release|Any CPU
		{CDA9AC48-1741-4C5C-8546-3C0C4051C7E6}.Debug|Any CPU.ActiveCfg = Debug|Any CPU
		{CDA9AC48-1741-4C5C-8546-3C0C4051C7E6}.Debug|Any CPU.Build.0 = Debug|Any CPU
		{CDA9AC48-1741-4C5C-8546-3C0C4051C7E6}.Debug35|Any CPU.ActiveCfg = Debug|Any CPU
		{CDA9AC48-1741-4C5C-8546-3C0C4051C7E6}.Debug35|Any CPU.Build.0 = Debug|Any CPU
		{CDA9AC48-1741-4C5C-8546-3C0C4051C7E6}.R46|Any CPU.ActiveCfg = Release|Any CPU
		{CDA9AC48-1741-4C5C-8546-3C0C4051C7E6}.R46|Any CPU.Build.0 = Release|Any CPU
		{CDA9AC48-1741-4C5C-8546-3C0C4051C7E6}.Release|Any CPU.ActiveCfg = Release|Any CPU
		{CDA9AC48-1741-4C5C-8546-3C0C4051C7E6}.Release|Any CPU.Build.0 = Release|Any CPU
		{CDA9AC48-1741-4C5C-8546-3C0C4051C7E6}.Release35|Any CPU.ActiveCfg = Release|Any CPU
		{CDA9AC48-1741-4C5C-8546-3C0C4051C7E6}.Release35|Any CPU.Build.0 = Release|Any CPU
		{CDA9AC48-1741-4C5C-8546-3C0C4051C7E6}.Release40|Any CPU.ActiveCfg = Release|Any CPU
		{CDA9AC48-1741-4C5C-8546-3C0C4051C7E6}.Release40|Any CPU.Build.0 = Release|Any CPU
		{CDA9AC48-1741-4C5C-8546-3C0C4051C7E6}.Release45|Any CPU.ActiveCfg = Release|Any CPU
		{CDA9AC48-1741-4C5C-8546-3C0C4051C7E6}.Release45|Any CPU.Build.0 = Release|Any CPU
		{CDA9AC48-1741-4C5C-8546-3C0C4051C7E6}.Release451|Any CPU.ActiveCfg = Release|Any CPU
		{CDA9AC48-1741-4C5C-8546-3C0C4051C7E6}.Release451|Any CPU.Build.0 = Release|Any CPU
		{CDA9AC48-1741-4C5C-8546-3C0C4051C7E6}.Release452|Any CPU.ActiveCfg = Release|Any CPU
		{CDA9AC48-1741-4C5C-8546-3C0C4051C7E6}.Release452|Any CPU.Build.0 = Release|Any CPU
		{1A3E6E0C-17C2-45BE-87B3-8B4660D83ED0}.Debug|Any CPU.ActiveCfg = Debug|Any CPU
		{1A3E6E0C-17C2-45BE-87B3-8B4660D83ED0}.Debug|Any CPU.Build.0 = Debug|Any CPU
		{1A3E6E0C-17C2-45BE-87B3-8B4660D83ED0}.Debug35|Any CPU.ActiveCfg = Debug|Any CPU
		{1A3E6E0C-17C2-45BE-87B3-8B4660D83ED0}.Debug35|Any CPU.Build.0 = Debug|Any CPU
		{1A3E6E0C-17C2-45BE-87B3-8B4660D83ED0}.R46|Any CPU.ActiveCfg = Release|Any CPU
		{1A3E6E0C-17C2-45BE-87B3-8B4660D83ED0}.R46|Any CPU.Build.0 = Release|Any CPU
		{1A3E6E0C-17C2-45BE-87B3-8B4660D83ED0}.Release|Any CPU.ActiveCfg = Release|Any CPU
		{1A3E6E0C-17C2-45BE-87B3-8B4660D83ED0}.Release|Any CPU.Build.0 = Release|Any CPU
		{1A3E6E0C-17C2-45BE-87B3-8B4660D83ED0}.Release35|Any CPU.ActiveCfg = Release|Any CPU
		{1A3E6E0C-17C2-45BE-87B3-8B4660D83ED0}.Release35|Any CPU.Build.0 = Release|Any CPU
		{1A3E6E0C-17C2-45BE-87B3-8B4660D83ED0}.Release40|Any CPU.ActiveCfg = Release|Any CPU
		{1A3E6E0C-17C2-45BE-87B3-8B4660D83ED0}.Release40|Any CPU.Build.0 = Release|Any CPU
		{1A3E6E0C-17C2-45BE-87B3-8B4660D83ED0}.Release45|Any CPU.ActiveCfg = Release|Any CPU
		{1A3E6E0C-17C2-45BE-87B3-8B4660D83ED0}.Release45|Any CPU.Build.0 = Release|Any CPU
		{1A3E6E0C-17C2-45BE-87B3-8B4660D83ED0}.Release451|Any CPU.ActiveCfg = Release|Any CPU
		{1A3E6E0C-17C2-45BE-87B3-8B4660D83ED0}.Release451|Any CPU.Build.0 = Release|Any CPU
		{1A3E6E0C-17C2-45BE-87B3-8B4660D83ED0}.Release452|Any CPU.ActiveCfg = Release|Any CPU
		{1A3E6E0C-17C2-45BE-87B3-8B4660D83ED0}.Release452|Any CPU.Build.0 = Release|Any CPU
		{65473257-E70F-410B-9269-D0C0F771EA87}.Debug|Any CPU.ActiveCfg = Debug|Any CPU
		{65473257-E70F-410B-9269-D0C0F771EA87}.Debug|Any CPU.Build.0 = Debug|Any CPU
		{65473257-E70F-410B-9269-D0C0F771EA87}.Debug35|Any CPU.ActiveCfg = Debug|Any CPU
		{65473257-E70F-410B-9269-D0C0F771EA87}.Debug35|Any CPU.Build.0 = Debug|Any CPU
		{65473257-E70F-410B-9269-D0C0F771EA87}.R46|Any CPU.ActiveCfg = Release|Any CPU
		{65473257-E70F-410B-9269-D0C0F771EA87}.R46|Any CPU.Build.0 = Release|Any CPU
		{65473257-E70F-410B-9269-D0C0F771EA87}.Release|Any CPU.ActiveCfg = Release|Any CPU
		{65473257-E70F-410B-9269-D0C0F771EA87}.Release|Any CPU.Build.0 = Release|Any CPU
		{65473257-E70F-410B-9269-D0C0F771EA87}.Release35|Any CPU.ActiveCfg = Release|Any CPU
		{65473257-E70F-410B-9269-D0C0F771EA87}.Release35|Any CPU.Build.0 = Release|Any CPU
		{65473257-E70F-410B-9269-D0C0F771EA87}.Release40|Any CPU.ActiveCfg = Release|Any CPU
		{65473257-E70F-410B-9269-D0C0F771EA87}.Release40|Any CPU.Build.0 = Release|Any CPU
		{65473257-E70F-410B-9269-D0C0F771EA87}.Release45|Any CPU.ActiveCfg = Release|Any CPU
		{65473257-E70F-410B-9269-D0C0F771EA87}.Release45|Any CPU.Build.0 = Release|Any CPU
		{65473257-E70F-410B-9269-D0C0F771EA87}.Release451|Any CPU.ActiveCfg = Release|Any CPU
		{65473257-E70F-410B-9269-D0C0F771EA87}.Release451|Any CPU.Build.0 = Release|Any CPU
		{65473257-E70F-410B-9269-D0C0F771EA87}.Release452|Any CPU.ActiveCfg = Release|Any CPU
		{65473257-E70F-410B-9269-D0C0F771EA87}.Release452|Any CPU.Build.0 = Release|Any CPU
		{58030054-1E04-433E-BEB4-4D8143C64C09}.Debug|Any CPU.ActiveCfg = Debug|Any CPU
		{58030054-1E04-433E-BEB4-4D8143C64C09}.Debug|Any CPU.Build.0 = Debug|Any CPU
		{58030054-1E04-433E-BEB4-4D8143C64C09}.Debug35|Any CPU.ActiveCfg = Debug|Any CPU
		{58030054-1E04-433E-BEB4-4D8143C64C09}.Debug35|Any CPU.Build.0 = Debug|Any CPU
		{58030054-1E04-433E-BEB4-4D8143C64C09}.R46|Any CPU.ActiveCfg = Release|Any CPU
		{58030054-1E04-433E-BEB4-4D8143C64C09}.R46|Any CPU.Build.0 = Release|Any CPU
		{58030054-1E04-433E-BEB4-4D8143C64C09}.Release|Any CPU.ActiveCfg = Release|Any CPU
		{58030054-1E04-433E-BEB4-4D8143C64C09}.Release|Any CPU.Build.0 = Release|Any CPU
		{58030054-1E04-433E-BEB4-4D8143C64C09}.Release35|Any CPU.ActiveCfg = Release|Any CPU
		{58030054-1E04-433E-BEB4-4D8143C64C09}.Release35|Any CPU.Build.0 = Release|Any CPU
		{58030054-1E04-433E-BEB4-4D8143C64C09}.Release40|Any CPU.ActiveCfg = Release|Any CPU
		{58030054-1E04-433E-BEB4-4D8143C64C09}.Release40|Any CPU.Build.0 = Release|Any CPU
		{58030054-1E04-433E-BEB4-4D8143C64C09}.Release45|Any CPU.ActiveCfg = Release|Any CPU
		{58030054-1E04-433E-BEB4-4D8143C64C09}.Release45|Any CPU.Build.0 = Release|Any CPU
		{58030054-1E04-433E-BEB4-4D8143C64C09}.Release451|Any CPU.ActiveCfg = Release|Any CPU
		{58030054-1E04-433E-BEB4-4D8143C64C09}.Release451|Any CPU.Build.0 = Release|Any CPU
		{58030054-1E04-433E-BEB4-4D8143C64C09}.Release452|Any CPU.ActiveCfg = Release|Any CPU
		{58030054-1E04-433E-BEB4-4D8143C64C09}.Release452|Any CPU.Build.0 = Release|Any CPU
		{DC810FBA-1DC9-429F-A247-35075EA49648}.Debug|Any CPU.ActiveCfg = Debug|Any CPU
		{DC810FBA-1DC9-429F-A247-35075EA49648}.Debug|Any CPU.Build.0 = Debug|Any CPU
		{DC810FBA-1DC9-429F-A247-35075EA49648}.Debug35|Any CPU.ActiveCfg = Debug35|Any CPU
		{DC810FBA-1DC9-429F-A247-35075EA49648}.Debug35|Any CPU.Build.0 = Debug35|Any CPU
		{DC810FBA-1DC9-429F-A247-35075EA49648}.R46|Any CPU.ActiveCfg = R46|Any CPU
		{DC810FBA-1DC9-429F-A247-35075EA49648}.R46|Any CPU.Build.0 = R46|Any CPU
		{DC810FBA-1DC9-429F-A247-35075EA49648}.Release|Any CPU.ActiveCfg = Release|Any CPU
		{DC810FBA-1DC9-429F-A247-35075EA49648}.Release|Any CPU.Build.0 = Release|Any CPU
		{DC810FBA-1DC9-429F-A247-35075EA49648}.Release35|Any CPU.ActiveCfg = Release35|Any CPU
		{DC810FBA-1DC9-429F-A247-35075EA49648}.Release35|Any CPU.Build.0 = Release35|Any CPU
		{DC810FBA-1DC9-429F-A247-35075EA49648}.Release40|Any CPU.ActiveCfg = Release40|Any CPU
		{DC810FBA-1DC9-429F-A247-35075EA49648}.Release40|Any CPU.Build.0 = Release40|Any CPU
		{DC810FBA-1DC9-429F-A247-35075EA49648}.Release45|Any CPU.ActiveCfg = Release45|Any CPU
		{DC810FBA-1DC9-429F-A247-35075EA49648}.Release45|Any CPU.Build.0 = Release45|Any CPU
		{DC810FBA-1DC9-429F-A247-35075EA49648}.Release451|Any CPU.ActiveCfg = Release451|Any CPU
		{DC810FBA-1DC9-429F-A247-35075EA49648}.Release451|Any CPU.Build.0 = Release451|Any CPU
		{DC810FBA-1DC9-429F-A247-35075EA49648}.Release452|Any CPU.ActiveCfg = Release452|Any CPU
		{DC810FBA-1DC9-429F-A247-35075EA49648}.Release452|Any CPU.Build.0 = Release452|Any CPU
	EndGlobalSection
	GlobalSection(SolutionProperties) = preSolution
		HideSolutionNode = FALSE
	EndGlobalSection
	GlobalSection(NestedProjects) = preSolution
		{65473257-E70F-410B-9269-D0C0F771EA87} = {E888CC88-DDCA-4507-9230-FE1868714524}
		{58030054-1E04-433E-BEB4-4D8143C64C09} = {E888CC88-DDCA-4507-9230-FE1868714524}
		{DC810FBA-1DC9-429F-A247-35075EA49648} = {C810FA34-79B1-419D-A11A-B8F7C5FB5DC9}
	EndGlobalSection
EndGlobal
